
Microsoft Visual Studio Solution File, Format Version 12.00
# Visual Studio Version 16
VisualStudioVersion = 16.0.30011.22
MinimumVisualStudioVersion = 10.0.40219.1
Project("{FAE04EC0-301F-11D3-BF4B-00C04F79EFBC}") = "ACM.BL", "ACM.BL\ACM.BL.csproj", "{8429E63C-056C-42E3-B997-B5831901D783}"
EndProject
Project("{2150E333-8FDC-42A3-9474-1A3956D46DE8}") = "Tests", "Tests", "{AA34CD23-969D-4B13-878D-03065963FCFC}"
EndProject
Project("{FAE04EC0-301F-11D3-BF4B-00C04F79EFBC}") = "ACm.BLTest", "Tests\ACm.BLTest\ACm.BLTest.csproj", "{F1CFF73F-8EBA-41E7-B624-5887CAE782F5}"
EndProject
Global
	GlobalSection(SolutionConfigurationPlatforms) = preSolution
		Debug|Any CPU = Debug|Any CPU
		Release|Any CPU = Release|Any CPU
	EndGlobalSection
	GlobalSection(ProjectConfigurationPlatforms) = postSolution
		{8429E63C-056C-42E3-B997-B5831901D783}.Debug|Any CPU.ActiveCfg = Debug|Any CPU
		{8429E63C-056C-42E3-B997-B5831901D783}.Debug|Any CPU.Build.0 = Debug|Any CPU
		{8429E63C-056C-42E3-B997-B5831901D783}.Release|Any CPU.ActiveCfg = Release|Any CPU
		{8429E63C-056C-42E3-B997-B5831901D783}.Release|Any CPU.Build.0 = Release|Any CPU
		{F1CFF73F-8EBA-41E7-B624-5887CAE782F5}.Debug|Any CPU.ActiveCfg = Debug|Any CPU
		{F1CFF73F-8EBA-41E7-B624-5887CAE782F5}.Debug|Any CPU.Build.0 = Debug|Any CPU
		{F1CFF73F-8EBA-41E7-B624-5887CAE782F5}.Release|Any CPU.ActiveCfg = Release|Any CPU
		{F1CFF73F-8EBA-41E7-B624-5887CAE782F5}.Release|Any CPU.Build.0 = Release|Any CPU
	EndGlobalSection
	GlobalSection(SolutionProperties) = preSolution
		HideSolutionNode = FALSE
	EndGlobalSection
	GlobalSection(NestedProjects) = preSolution
		{F1CFF73F-8EBA-41E7-B624-5887CAE782F5} = {AA34CD23-969D-4B13-878D-03065963FCFC}
	EndGlobalSection
	GlobalSection(ExtensibilityGlobals) = postSolution
		SolutionGuid = {165C52BD-B491-4ECC-B971-8D036954E559}
	EndGlobalSection
EndGlobal
